
Microsoft Visual Studio Solution File, Format Version 12.00
# Visual Studio Version 16
VisualStudioVersion = 16.0.29001.49
MinimumVisualStudioVersion = 10.0.40219.1
Project("{FAE04EC0-301F-11D3-BF4B-00C04F79EFBC}") = "Doodle", "Doodle\Doodle.csproj", "{83F18B3C-920F-40C2-8C16-954EFFCB0D91}"
EndProject
Project("{FAE04EC0-301F-11D3-BF4B-00C04F79EFBC}") = "Doodle.CommandLineUtils", "Doodle.CommandLineUtils\Doodle.CommandLineUtils.csproj", "{40C52850-20A9-4DCE-93E0-D93431EC9770}"
EndProject
Project("{FAE04EC0-301F-11D3-BF4B-00C04F79EFBC}") = "Doodle.CLFramework", "Doodle.CLFramework\Doodle.CLFramework.csproj", "{CE96E614-EC06-414F-8812-652B347C9794}"
EndProject
Project("{FAE04EC0-301F-11D3-BF4B-00C04F79EFBC}") = "NssIntegrationCommon", "NssIntegrationCommon\NssIntegrationCommon.csproj", "{BC5780FC-7A19-46C1-8391-2EB3318B18DF}"
EndProject
Global
	GlobalSection(SolutionConfigurationPlatforms) = preSolution
		Debug|Any CPU = Debug|Any CPU
		Release|Any CPU = Release|Any CPU
	EndGlobalSection
	GlobalSection(ProjectConfigurationPlatforms) = postSolution
		{83F18B3C-920F-40C2-8C16-954EFFCB0D91}.Debug|Any CPU.ActiveCfg = Debug|Any CPU
		{83F18B3C-920F-40C2-8C16-954EFFCB0D91}.Debug|Any CPU.Build.0 = Debug|Any CPU
		{83F18B3C-920F-40C2-8C16-954EFFCB0D91}.Release|Any CPU.ActiveCfg = Release|Any CPU
		{83F18B3C-920F-40C2-8C16-954EFFCB0D91}.Release|Any CPU.Build.0 = Release|Any CPU
		{40C52850-20A9-4DCE-93E0-D93431EC9770}.Debug|Any CPU.ActiveCfg = Debug|Any CPU
		{40C52850-20A9-4DCE-93E0-D93431EC9770}.Debug|Any CPU.Build.0 = Debug|Any CPU
		{40C52850-20A9-4DCE-93E0-D93431EC9770}.Release|Any CPU.ActiveCfg = Release|Any CPU
		{40C52850-20A9-4DCE-93E0-D93431EC9770}.Release|Any CPU.Build.0 = Release|Any CPU
		{CE96E614-EC06-414F-8812-652B347C9794}.Debug|Any CPU.ActiveCfg = Debug|Any CPU
		{CE96E614-EC06-414F-8812-652B347C9794}.Debug|Any CPU.Build.0 = Debug|Any CPU
		{CE96E614-EC06-414F-8812-652B347C9794}.Release|Any CPU.ActiveCfg = Release|Any CPU
		{CE96E614-EC06-414F-8812-652B347C9794}.Release|Any CPU.Build.0 = Release|Any CPU
		{BC5780FC-7A19-46C1-8391-2EB3318B18DF}.Debug|Any CPU.ActiveCfg = Debug|Any CPU
		{BC5780FC-7A19-46C1-8391-2EB3318B18DF}.Debug|Any CPU.Build.0 = Debug|Any CPU
		{BC5780FC-7A19-46C1-8391-2EB3318B18DF}.Release|Any CPU.ActiveCfg = Release|Any CPU
		{BC5780FC-7A19-46C1-8391-2EB3318B18DF}.Release|Any CPU.Build.0 = Release|Any CPU
	EndGlobalSection
	GlobalSection(SolutionProperties) = preSolution
		HideSolutionNode = FALSE
	EndGlobalSection
	GlobalSection(ExtensibilityGlobals) = postSolution
		SolutionGuid = {A86C01A7-04B2-47DC-BF7B-9F3E03E7639E}
	EndGlobalSection
EndGlobal
