
Microsoft Visual Studio Solution File, Format Version 12.00
# Visual Studio Version 16
VisualStudioVersion = 16.0.29001.49
MinimumVisualStudioVersion = 10.0.40219.1
Project("{FAE04EC0-301F-11D3-BF4B-00C04F79EFBC}") = "Doodle.CommandLineUtils", "Doodle.CommandLineUtils\Doodle.CommandLineUtils.csproj", "{6E87BF35-4C11-4B66-8134-84AC3009FA6F}"
EndProject
Project("{FAE04EC0-301F-11D3-BF4B-00C04F79EFBC}") = "Doodle.Basic", "Doodle.Basic\Doodle.Basic.csproj", "{CD816A77-DAB0-41CE-A3C6-91756C96D52E}"
EndProject
Project("{FAE04EC0-301F-11D3-BF4B-00C04F79EFBC}") = "Test", "Test\Test.csproj", "{96EB48B5-0BAA-430A-AB2D-B94528A844B2}"
EndProject
Global
	GlobalSection(SolutionConfigurationPlatforms) = preSolution
		Debug|Any CPU = Debug|Any CPU
		Release|Any CPU = Release|Any CPU
	EndGlobalSection
	GlobalSection(ProjectConfigurationPlatforms) = postSolution
		{6E87BF35-4C11-4B66-8134-84AC3009FA6F}.Debug|Any CPU.ActiveCfg = Debug|Any CPU
		{6E87BF35-4C11-4B66-8134-84AC3009FA6F}.Debug|Any CPU.Build.0 = Debug|Any CPU
		{6E87BF35-4C11-4B66-8134-84AC3009FA6F}.Release|Any CPU.ActiveCfg = Release|Any CPU
		{6E87BF35-4C11-4B66-8134-84AC3009FA6F}.Release|Any CPU.Build.0 = Release|Any CPU
		{CD816A77-DAB0-41CE-A3C6-91756C96D52E}.Debug|Any CPU.ActiveCfg = Debug|Any CPU
		{CD816A77-DAB0-41CE-A3C6-91756C96D52E}.Debug|Any CPU.Build.0 = Debug|Any CPU
		{CD816A77-DAB0-41CE-A3C6-91756C96D52E}.Release|Any CPU.ActiveCfg = Release|Any CPU
		{CD816A77-DAB0-41CE-A3C6-91756C96D52E}.Release|Any CPU.Build.0 = Release|Any CPU
		{96EB48B5-0BAA-430A-AB2D-B94528A844B2}.Debug|Any CPU.ActiveCfg = Debug|Any CPU
		{96EB48B5-0BAA-430A-AB2D-B94528A844B2}.Debug|Any CPU.Build.0 = Debug|Any CPU
		{96EB48B5-0BAA-430A-AB2D-B94528A844B2}.Release|Any CPU.ActiveCfg = Release|Any CPU
		{96EB48B5-0BAA-430A-AB2D-B94528A844B2}.Release|Any CPU.Build.0 = Release|Any CPU
	EndGlobalSection
	GlobalSection(SolutionProperties) = preSolution
		HideSolutionNode = FALSE
	EndGlobalSection
	GlobalSection(ExtensibilityGlobals) = postSolution
		SolutionGuid = {C37E9793-F07B-4116-9194-FAC03F0D0D64}
	EndGlobalSection
EndGlobal
