
Microsoft Visual Studio Solution File, Format Version 12.00
# Visual Studio Version 16
VisualStudioVersion = 16.0.29001.49
MinimumVisualStudioVersion = 10.0.40219.1
Project("{9A19103F-16F7-4668-BE54-9A1E7A4F7556}") = "Doodle.CommandLineUtils", "Doodle.CommandLineUtils\Doodle.CommandLineUtils.csproj", "{6E87BF35-4C11-4B66-8134-84AC3009FA6F}"
EndProject
Project("{9A19103F-16F7-4668-BE54-9A1E7A4F7556}") = "Test", "Test\Test.csproj", "{96EB48B5-0BAA-430A-AB2D-B94528A844B2}"
EndProject
Project("{9A19103F-16F7-4668-BE54-9A1E7A4F7556}") = "Doodle.CLFramework", "Doodle.CLFramework\Doodle.CLFramework.csproj", "{78B4B387-749D-44DB-8D44-396ACD05D5CA}"
EndProject
Project("{9A19103F-16F7-4668-BE54-9A1E7A4F7556}") = "Doodle", "Doodle\Doodle.csproj", "{A5DE40D0-E624-4E1B-9A39-63322CFFA1CC}"
EndProject
Project("{9A19103F-16F7-4668-BE54-9A1E7A4F7556}") = "NssIntegration.Common", "NssIntegrationCommon\NssIntegration.Common.csproj", "{5BA2D3D4-0A1F-400C-895F-9BA2866167A8}"
EndProject
Project("{9A19103F-16F7-4668-BE54-9A1E7A4F7556}") = "NssIntegration", "NssIntegration\NssIntegration.csproj", "{B928F9C7-AD14-4DDA-9E98-F730DCEEEFAE}"
EndProject
Project("{9A19103F-16F7-4668-BE54-9A1E7A4F7556}") = "Doodle.Utils", "Doodle.Utils\Doodle.Utils.csproj", "{684E9132-D316-4C4E-A8A2-A2B164BFECB4}"
EndProject
Global
	GlobalSection(SolutionConfigurationPlatforms) = preSolution
		Debug|Any CPU = Debug|Any CPU
		Release|Any CPU = Release|Any CPU
	EndGlobalSection
	GlobalSection(ProjectConfigurationPlatforms) = postSolution
		{6E87BF35-4C11-4B66-8134-84AC3009FA6F}.Debug|Any CPU.ActiveCfg = Debug|Any CPU
		{6E87BF35-4C11-4B66-8134-84AC3009FA6F}.Debug|Any CPU.Build.0 = Debug|Any CPU
		{6E87BF35-4C11-4B66-8134-84AC3009FA6F}.Release|Any CPU.ActiveCfg = Release|Any CPU
		{6E87BF35-4C11-4B66-8134-84AC3009FA6F}.Release|Any CPU.Build.0 = Release|Any CPU
		{96EB48B5-0BAA-430A-AB2D-B94528A844B2}.Debug|Any CPU.ActiveCfg = Debug|Any CPU
		{96EB48B5-0BAA-430A-AB2D-B94528A844B2}.Debug|Any CPU.Build.0 = Debug|Any CPU
		{96EB48B5-0BAA-430A-AB2D-B94528A844B2}.Release|Any CPU.ActiveCfg = Release|Any CPU
		{96EB48B5-0BAA-430A-AB2D-B94528A844B2}.Release|Any CPU.Build.0 = Release|Any CPU
		{78B4B387-749D-44DB-8D44-396ACD05D5CA}.Debug|Any CPU.ActiveCfg = Debug|Any CPU
		{78B4B387-749D-44DB-8D44-396ACD05D5CA}.Debug|Any CPU.Build.0 = Debug|Any CPU
		{78B4B387-749D-44DB-8D44-396ACD05D5CA}.Release|Any CPU.ActiveCfg = Release|Any CPU
		{78B4B387-749D-44DB-8D44-396ACD05D5CA}.Release|Any CPU.Build.0 = Release|Any CPU
		{A5DE40D0-E624-4E1B-9A39-63322CFFA1CC}.Debug|Any CPU.ActiveCfg = Debug|Any CPU
		{A5DE40D0-E624-4E1B-9A39-63322CFFA1CC}.Debug|Any CPU.Build.0 = Debug|Any CPU
		{A5DE40D0-E624-4E1B-9A39-63322CFFA1CC}.Release|Any CPU.ActiveCfg = Release|Any CPU
		{A5DE40D0-E624-4E1B-9A39-63322CFFA1CC}.Release|Any CPU.Build.0 = Release|Any CPU
		{5BA2D3D4-0A1F-400C-895F-9BA2866167A8}.Debug|Any CPU.ActiveCfg = Debug|Any CPU
		{5BA2D3D4-0A1F-400C-895F-9BA2866167A8}.Debug|Any CPU.Build.0 = Debug|Any CPU
		{5BA2D3D4-0A1F-400C-895F-9BA2866167A8}.Release|Any CPU.ActiveCfg = Release|Any CPU
		{5BA2D3D4-0A1F-400C-895F-9BA2866167A8}.Release|Any CPU.Build.0 = Release|Any CPU
		{B928F9C7-AD14-4DDA-9E98-F730DCEEEFAE}.Debug|Any CPU.ActiveCfg = Debug|Any CPU
		{B928F9C7-AD14-4DDA-9E98-F730DCEEEFAE}.Debug|Any CPU.Build.0 = Debug|Any CPU
		{B928F9C7-AD14-4DDA-9E98-F730DCEEEFAE}.Release|Any CPU.ActiveCfg = Release|Any CPU
		{B928F9C7-AD14-4DDA-9E98-F730DCEEEFAE}.Release|Any CPU.Build.0 = Release|Any CPU
		{684E9132-D316-4C4E-A8A2-A2B164BFECB4}.Debug|Any CPU.ActiveCfg = Debug|Any CPU
		{684E9132-D316-4C4E-A8A2-A2B164BFECB4}.Debug|Any CPU.Build.0 = Debug|Any CPU
		{684E9132-D316-4C4E-A8A2-A2B164BFECB4}.Release|Any CPU.ActiveCfg = Release|Any CPU
		{684E9132-D316-4C4E-A8A2-A2B164BFECB4}.Release|Any CPU.Build.0 = Release|Any CPU
	EndGlobalSection
	GlobalSection(SolutionProperties) = preSolution
		HideSolutionNode = FALSE
	EndGlobalSection
	GlobalSection(ExtensibilityGlobals) = postSolution
		SolutionGuid = {C37E9793-F07B-4116-9194-FAC03F0D0D64}
	EndGlobalSection
EndGlobal
